
Microsoft Visual Studio Solution File, Format Version 12.00
# Visual Studio Version 16
VisualStudioVersion = 16.0.30309.148
MinimumVisualStudioVersion = 10.0.40219.1
Project("{FAE04EC0-301F-11D3-BF4B-00C04F79EFBC}") = "SerializationDemo", "SerializationDemo\SerializationDemo.csproj", "{5D45637F-35F5-41FD-B99D-C7EDEB2F305F}"
EndProject
Global
	GlobalSection(SolutionConfigurationPlatforms) = preSolution
		Debug|Any CPU = Debug|Any CPU
		Release|Any CPU = Release|Any CPU
	EndGlobalSection
	GlobalSection(ProjectConfigurationPlatforms) = postSolution
		{5D45637F-35F5-41FD-B99D-C7EDEB2F305F}.Debug|Any CPU.ActiveCfg = Debug|Any CPU
		{5D45637F-35F5-41FD-B99D-C7EDEB2F305F}.Debug|Any CPU.Build.0 = Debug|Any CPU
		{5D45637F-35F5-41FD-B99D-C7EDEB2F305F}.Release|Any CPU.ActiveCfg = Release|Any CPU
		{5D45637F-35F5-41FD-B99D-C7EDEB2F305F}.Release|Any CPU.Build.0 = Release|Any CPU
	EndGlobalSection
	GlobalSection(SolutionProperties) = preSolution
		HideSolutionNode = FALSE
	EndGlobalSection
	GlobalSection(ExtensibilityGlobals) = postSolution
		SolutionGuid = {F322B0A4-CF06-40DC-821A-9EB20607BAB4}
	EndGlobalSection
EndGlobal
